
Microsoft Visual Studio Solution File, Format Version 12.00
# Visual Studio Version 17
VisualStudioVersion = 17.11.35312.102
MinimumVisualStudioVersion = 10.0.40219.1
Project("{FAE04EC0-301F-11D3-BF4B-00C04F79EFBC}") = "forEachLoop", "forEachLoop\forEachLoop.csproj", "{56559FF0-ABB5-4BE4-8C2D-A5A7DE70814F}"
EndProject
Global
	GlobalSection(SolutionConfigurationPlatforms) = preSolution
		Debug|Any CPU = Debug|Any CPU
		Release|Any CPU = Release|Any CPU
	EndGlobalSection
	GlobalSection(ProjectConfigurationPlatforms) = postSolution
		{56559FF0-ABB5-4BE4-8C2D-A5A7DE70814F}.Debug|Any CPU.ActiveCfg = Debug|Any CPU
		{56559FF0-ABB5-4BE4-8C2D-A5A7DE70814F}.Debug|Any CPU.Build.0 = Debug|Any CPU
		{56559FF0-ABB5-4BE4-8C2D-A5A7DE70814F}.Release|Any CPU.ActiveCfg = Release|Any CPU
		{56559FF0-ABB5-4BE4-8C2D-A5A7DE70814F}.Release|Any CPU.Build.0 = Release|Any CPU
	EndGlobalSection
	GlobalSection(SolutionProperties) = preSolution
		HideSolutionNode = FALSE
	EndGlobalSection
	GlobalSection(ExtensibilityGlobals) = postSolution
		SolutionGuid = {69435761-40E2-4F15-9200-1F41B7401A2F}
	EndGlobalSection
EndGlobal
